
Microsoft Visual Studio Solution File, Format Version 12.00
# Visual Studio Version 17
VisualStudioVersion = 17.6.33829.357
MinimumVisualStudioVersion = 10.0.40219.1
Project("{FAE04EC0-301F-11D3-BF4B-00C04F79EFBC}") = "HannahMankalah", "HannahMankalah\HannahMankalah.csproj", "{4F0A219E-3AB1-4ED9-B23C-6B013601BD40}"
EndProject
Global
	GlobalSection(SolutionConfigurationPlatforms) = preSolution
		Debug|Any CPU = Debug|Any CPU
		Release|Any CPU = Release|Any CPU
	EndGlobalSection
	GlobalSection(ProjectConfigurationPlatforms) = postSolution
		{4F0A219E-3AB1-4ED9-B23C-6B013601BD40}.Debug|Any CPU.ActiveCfg = Debug|Any CPU
		{4F0A219E-3AB1-4ED9-B23C-6B013601BD40}.Debug|Any CPU.Build.0 = Debug|Any CPU
		{4F0A219E-3AB1-4ED9-B23C-6B013601BD40}.Release|Any CPU.ActiveCfg = Release|Any CPU
		{4F0A219E-3AB1-4ED9-B23C-6B013601BD40}.Release|Any CPU.Build.0 = Release|Any CPU
	EndGlobalSection
	GlobalSection(SolutionProperties) = preSolution
		HideSolutionNode = FALSE
	EndGlobalSection
	GlobalSection(ExtensibilityGlobals) = postSolution
		SolutionGuid = {0AFE7523-5F50-4990-B4E6-E7F924E6B471}
	EndGlobalSection
EndGlobal
